
Microsoft Visual Studio Solution File, Format Version 12.00
# Visual Studio Version 16
VisualStudioVersion = 16.0.30907.101
MinimumVisualStudioVersion = 10.0.40219.1
Project("{F184B08F-C81C-45F6-A57F-5ABD9991F28F}") = "Proyecto_ViSnap7", "Proyecto_ViSnap7.vbproj", "{53146795-07F5-4E0B-ADDF-3593D4EE7E12}"
EndProject
Project("{2150E333-8FDC-42A3-9474-1A3956D46DE8}") = "Solution Items", "Solution Items", "{3805964C-074E-4F17-90ED-9376FC402CF2}"
	ProjectSection(SolutionItems) = preProject
		README.md = README.md
	EndProjectSection
EndProject
Global
	GlobalSection(SolutionConfigurationPlatforms) = preSolution
		Debug|Any CPU = Debug|Any CPU
		Release|Any CPU = Release|Any CPU
	EndGlobalSection
	GlobalSection(ProjectConfigurationPlatforms) = postSolution
		{53146795-07F5-4E0B-ADDF-3593D4EE7E12}.Debug|Any CPU.ActiveCfg = Debug|Any CPU
		{53146795-07F5-4E0B-ADDF-3593D4EE7E12}.Debug|Any CPU.Build.0 = Debug|Any CPU
		{53146795-07F5-4E0B-ADDF-3593D4EE7E12}.Release|Any CPU.ActiveCfg = Release|Any CPU
		{53146795-07F5-4E0B-ADDF-3593D4EE7E12}.Release|Any CPU.Build.0 = Release|Any CPU
	EndGlobalSection
	GlobalSection(SolutionProperties) = preSolution
		HideSolutionNode = FALSE
	EndGlobalSection
	GlobalSection(ExtensibilityGlobals) = postSolution
		SolutionGuid = {BC69605D-2419-4296-9C04-7F6A00C0D0A5}
	EndGlobalSection
EndGlobal
